
Microsoft Visual Studio Solution File, Format Version 12.00
# Visual Studio 15
VisualStudioVersion = 15.0.27004.2009
MinimumVisualStudioVersion = 10.0.40219.1
Project("{FAE04EC0-301F-11D3-BF4B-00C04F79EFBC}") = "SpazioDati.Dandelion.Business", "SpazioDati.Dandelion.Business\SpazioDati.Dandelion.Business.csproj", "{947CB102-F0D7-46C5-B55A-606BBBC13E0A}"
EndProject
Project("{FAE04EC0-301F-11D3-BF4B-00C04F79EFBC}") = "SpazioDati.Dandelion.Domain", "SpazioDati.Dandelion.Domain\SpazioDati.Dandelion.Domain.csproj", "{55D82521-E3D3-4A52-9424-4420EC79A80E}"
EndProject
Project("{FAE04EC0-301F-11D3-BF4B-00C04F79EFBC}") = "SpazioDati.Dandelion.Examples", "SpazioDati.Dandelion.Examples\SpazioDati.Dandelion.Examples.csproj", "{1EE32C18-5EC2-4001-ACA8-9F44DCD6853F}"
EndProject
Project("{FAE04EC0-301F-11D3-BF4B-00C04F79EFBC}") = "SpazioDati.Dandelion.Test", "SpazioDati.Dandelion.Test\SpazioDati.Dandelion.Test.csproj", "{C61430EE-43D2-4CC2-9FAB-0585F1684B1A}"
EndProject
Global
	GlobalSection(SolutionConfigurationPlatforms) = preSolution
		Debug|Any CPU = Debug|Any CPU
		Release|Any CPU = Release|Any CPU
	EndGlobalSection
	GlobalSection(ProjectConfigurationPlatforms) = postSolution
		{947CB102-F0D7-46C5-B55A-606BBBC13E0A}.Debug|Any CPU.ActiveCfg = Release|Any CPU
		{947CB102-F0D7-46C5-B55A-606BBBC13E0A}.Debug|Any CPU.Build.0 = Release|Any CPU
		{947CB102-F0D7-46C5-B55A-606BBBC13E0A}.Release|Any CPU.ActiveCfg = Release|Any CPU
		{947CB102-F0D7-46C5-B55A-606BBBC13E0A}.Release|Any CPU.Build.0 = Release|Any CPU
		{55D82521-E3D3-4A52-9424-4420EC79A80E}.Debug|Any CPU.ActiveCfg = Release|Any CPU
		{55D82521-E3D3-4A52-9424-4420EC79A80E}.Debug|Any CPU.Build.0 = Release|Any CPU
		{55D82521-E3D3-4A52-9424-4420EC79A80E}.Release|Any CPU.ActiveCfg = Release|Any CPU
		{55D82521-E3D3-4A52-9424-4420EC79A80E}.Release|Any CPU.Build.0 = Release|Any CPU
		{1EE32C18-5EC2-4001-ACA8-9F44DCD6853F}.Debug|Any CPU.ActiveCfg = Debug|Any CPU
		{1EE32C18-5EC2-4001-ACA8-9F44DCD6853F}.Debug|Any CPU.Build.0 = Debug|Any CPU
		{1EE32C18-5EC2-4001-ACA8-9F44DCD6853F}.Release|Any CPU.ActiveCfg = Release|Any CPU
		{1EE32C18-5EC2-4001-ACA8-9F44DCD6853F}.Release|Any CPU.Build.0 = Release|Any CPU
		{C61430EE-43D2-4CC2-9FAB-0585F1684B1A}.Debug|Any CPU.ActiveCfg = Debug|Any CPU
		{C61430EE-43D2-4CC2-9FAB-0585F1684B1A}.Debug|Any CPU.Build.0 = Debug|Any CPU
		{C61430EE-43D2-4CC2-9FAB-0585F1684B1A}.Release|Any CPU.ActiveCfg = Release|Any CPU
		{C61430EE-43D2-4CC2-9FAB-0585F1684B1A}.Release|Any CPU.Build.0 = Release|Any CPU
	EndGlobalSection
	GlobalSection(SolutionProperties) = preSolution
		HideSolutionNode = FALSE
	EndGlobalSection
	GlobalSection(ExtensibilityGlobals) = postSolution
		SolutionGuid = {A17C0E4E-194C-40CA-B7C0-28B7F0A08AD0}
	EndGlobalSection
EndGlobal
